// !$*UTF8*$!
{
	archiveVersion = 1;
	classes = {
	};
	objectVersion = 46;
	objects = {

/* Begin PBXBuildFile section */
		C48DE55214F965D500779064 /* UIKit.framework in Frameworks */ = {isa = PBXBuildFile; fileRef = C48DE55114F965D500779064 /* UIKit.framework */; };
		C48DE55414F965D500779064 /* Foundation.framework in Frameworks */ = {isa = PBXBuildFile; fileRef = C48DE55314F965D500779064 /* Foundation.framework */; };
		C48DE55614F965D500779064 /* CoreGraphics.framework in Frameworks */ = {isa = PBXBuildFile; fileRef = C48DE55514F965D500779064 /* CoreGraphics.framework */; };
		C48DE55C14F965D500779064 /* InfoPlist.strings in Resources */ = {isa = PBXBuildFile; fileRef = C48DE55A14F965D500779064 /* InfoPlist.strings */; };
		C48DE55E14F965D500779064 /* main.m in Sources */ = {isa = PBXBuildFile; fileRef = C48DE55D14F965D500779064 /* main.m */; };
		C48DE57414F9715300779064 /* RemindersViewController.m in Sources */ = {isa = PBXBuildFile; fileRef = C48DE56D14F9715300779064 /* RemindersViewController.m */; };
		C48DE57514F9715300779064 /* RemindersViewController_iPhone.xib in Resources */ = {isa = PBXBuildFile; fileRef = C48DE56E14F9715300779064 /* RemindersViewController_iPhone.xib */; };
		C48DE57614F9715300779064 /* RemindersViewController_iPad.xib in Resources */ = {isa = PBXBuildFile; fileRef = C48DE56F14F9715300779064 /* RemindersViewController_iPad.xib */; };
		C48DE57714F9715300779064 /* DetailViewController.m in Sources */ = {isa = PBXBuildFile; fileRef = C48DE57114F9715300779064 /* DetailViewController.m */; };
		C48DE57814F9715300779064 /* DetailViewController_iPhone.xib in Resources */ = {isa = PBXBuildFile; fileRef = C48DE57214F9715300779064 /* DetailViewController_iPhone.xib */; };
		C48DE57914F9715300779064 /* DetailViewController_iPad.xib in Resources */ = {isa = PBXBuildFile; fileRef = C48DE57314F9715300779064 /* DetailViewController_iPad.xib */; };
		C48DE58014F9716F00779064 /* MyHelperViewController.m in Sources */ = {isa = PBXBuildFile; fileRef = C48DE57B14F9716F00779064 /* MyHelperViewController.m */; };
		C48DE58114F9716F00779064 /* MyHelperViewController_iPhone.xib in Resources */ = {isa = PBXBuildFile; fileRef = C48DE57C14F9716F00779064 /* MyHelperViewController_iPhone.xib */; };
		C48DE58214F9716F00779064 /* MyHelperViewController_iPad.xib in Resources */ = {isa = PBXBuildFile; fileRef = C48DE57D14F9716F00779064 /* MyHelperViewController_iPad.xib */; };
		C48DE58314F9716F00779064 /* AppDelegate.m in Sources */ = {isa = PBXBuildFile; fileRef = C48DE57F14F9716F00779064 /* AppDelegate.m */; };
		C48DE58814F975AA00779064 /* CoreData.framework in Frameworks */ = {isa = PBXBuildFile; fileRef = C48DE58714F975AA00779064 /* CoreData.framework */; };
		C48DE58B14F9761100779064 /* Model.xcdatamodeld in Sources */ = {isa = PBXBuildFile; fileRef = C48DE58914F9761100779064 /* Model.xcdatamodeld */; };
		C48DE59314F98E7300779064 /* InsertReminderViewController.m in Sources */ = {isa = PBXBuildFile; fileRef = C48DE59114F98E7300779064 /* InsertReminderViewController.m */; };
		C48DE59414F98E7300779064 /* InsertReminderViewController_iPhone.xib in Resources */ = {isa = PBXBuildFile; fileRef = C48DE59214F98E7300779064 /* InsertReminderViewController_iPhone.xib */; };
		C498C99B14F9976E006A060A /* InsertReminderViewController_iPad.xib in Resources */ = {isa = PBXBuildFile; fileRef = C498C99A14F9976E006A060A /* InsertReminderViewController_iPad.xib */; };
		C498C99F14F997FA006A060A /* ActionViewController.m in Sources */ = {isa = PBXBuildFile; fileRef = C498C99D14F997FA006A060A /* ActionViewController.m */; };
		C498C9A014F997FA006A060A /* ActionViewController_iPhone.xib in Resources */ = {isa = PBXBuildFile; fileRef = C498C99E14F997FA006A060A /* ActionViewController_iPhone.xib */; };
/* End PBXBuildFile section */

/* Begin PBXFileReference section */
		C48DE54D14F965D500779064 /* GPS Reminder.app */ = {isa = PBXFileReference; explicitFileType = wrapper.application; includeInIndex = 0; path = "GPS Reminder.app"; sourceTree = BUILT_PRODUCTS_DIR; };
		C48DE55114F965D500779064 /* UIKit.framework */ = {isa = PBXFileReference; lastKnownFileType = wrapper.framework; name = UIKit.framework; path = System/Library/Frameworks/UIKit.framework; sourceTree = SDKROOT; };
		C48DE55314F965D500779064 /* Foundation.framework */ = {isa = PBXFileReference; lastKnownFileType = wrapper.framework; name = Foundation.framework; path = System/Library/Frameworks/Foundation.framework; sourceTree = SDKROOT; };
		C48DE55514F965D500779064 /* CoreGraphics.framework */ = {isa = PBXFileReference; lastKnownFileType = wrapper.framework; name = CoreGraphics.framework; path = System/Library/Frameworks/CoreGraphics.framework; sourceTree = SDKROOT; };
		C48DE55914F965D500779064 /* GPS Reminder-Info.plist */ = {isa = PBXFileReference; lastKnownFileType = text.plist.xml; path = "GPS Reminder-Info.plist"; sourceTree = "<group>"; };
		C48DE55B14F965D500779064 /* en */ = {isa = PBXFileReference; lastKnownFileType = text.plist.strings; name = en; path = en.lproj/InfoPlist.strings; sourceTree = "<group>"; };
		C48DE55D14F965D500779064 /* main.m */ = {isa = PBXFileReference; lastKnownFileType = sourcecode.c.objc; path = main.m; sourceTree = "<group>"; };
		C48DE55F14F965D500779064 /* GPS Reminder-Prefix.pch */ = {isa = PBXFileReference; lastKnownFileType = sourcecode.c.h; path = "GPS Reminder-Prefix.pch"; sourceTree = "<group>"; };
		C48DE56C14F9715300779064 /* RemindersViewController.h */ = {isa = PBXFileReference; fileEncoding = 4; lastKnownFileType = sourcecode.c.h; path = RemindersViewController.h; sourceTree = "<group>"; };
		C48DE56D14F9715300779064 /* RemindersViewController.m */ = {isa = PBXFileReference; fileEncoding = 4; lastKnownFileType = sourcecode.c.objc; path = RemindersViewController.m; sourceTree = "<group>"; };
		C48DE56E14F9715300779064 /* RemindersViewController_iPhone.xib */ = {isa = PBXFileReference; fileEncoding = 4; lastKnownFileType = file.xib; path = RemindersViewController_iPhone.xib; sourceTree = "<group>"; };
		C48DE56F14F9715300779064 /* RemindersViewController_iPad.xib */ = {isa = PBXFileReference; fileEncoding = 4; lastKnownFileType = file.xib; path = RemindersViewController_iPad.xib; sourceTree = "<group>"; };
		C48DE57014F9715300779064 /* DetailViewController.h */ = {isa = PBXFileReference; fileEncoding = 4; lastKnownFileType = sourcecode.c.h; path = DetailViewController.h; sourceTree = "<group>"; };
		C48DE57114F9715300779064 /* DetailViewController.m */ = {isa = PBXFileReference; fileEncoding = 4; lastKnownFileType = sourcecode.c.objc; path = DetailViewController.m; sourceTree = "<group>"; };
		C48DE57214F9715300779064 /* DetailViewController_iPhone.xib */ = {isa = PBXFileReference; fileEncoding = 4; lastKnownFileType = file.xib; path = DetailViewController_iPhone.xib; sourceTree = "<group>"; };
		C48DE57314F9715300779064 /* DetailViewController_iPad.xib */ = {isa = PBXFileReference; fileEncoding = 4; lastKnownFileType = file.xib; path = DetailViewController_iPad.xib; sourceTree = "<group>"; };
		C48DE57A14F9716F00779064 /* MyHelperViewController.h */ = {isa = PBXFileReference; fileEncoding = 4; lastKnownFileType = sourcecode.c.h; path = MyHelperViewController.h; sourceTree = "<group>"; };
		C48DE57B14F9716F00779064 /* MyHelperViewController.m */ = {isa = PBXFileReference; fileEncoding = 4; lastKnownFileType = sourcecode.c.objc; path = MyHelperViewController.m; sourceTree = "<group>"; };
		C48DE57C14F9716F00779064 /* MyHelperViewController_iPhone.xib */ = {isa = PBXFileReference; fileEncoding = 4; lastKnownFileType = file.xib; path = MyHelperViewController_iPhone.xib; sourceTree = "<group>"; };
		C48DE57D14F9716F00779064 /* MyHelperViewController_iPad.xib */ = {isa = PBXFileReference; fileEncoding = 4; lastKnownFileType = file.xib; path = MyHelperViewController_iPad.xib; sourceTree = "<group>"; };
		C48DE57E14F9716F00779064 /* AppDelegate.h */ = {isa = PBXFileReference; fileEncoding = 4; lastKnownFileType = sourcecode.c.h; path = AppDelegate.h; sourceTree = "<group>"; };
		C48DE57F14F9716F00779064 /* AppDelegate.m */ = {isa = PBXFileReference; fileEncoding = 4; lastKnownFileType = sourcecode.c.objc; path = AppDelegate.m; sourceTree = "<group>"; };
		C48DE58714F975AA00779064 /* CoreData.framework */ = {isa = PBXFileReference; lastKnownFileType = wrapper.framework; name = CoreData.framework; path = System/Library/Frameworks/CoreData.framework; sourceTree = SDKROOT; };
		C48DE58A14F9761100779064 /* Model.xcdatamodel */ = {isa = PBXFileReference; lastKnownFileType = wrapper.xcdatamodel; path = Model.xcdatamodel; sourceTree = "<group>"; };
		C48DE59014F98E7300779064 /* InsertReminderViewController.h */ = {isa = PBXFileReference; fileEncoding = 4; lastKnownFileType = sourcecode.c.h; path = InsertReminderViewController.h; sourceTree = "<group>"; };
		C48DE59114F98E7300779064 /* InsertReminderViewController.m */ = {isa = PBXFileReference; fileEncoding = 4; lastKnownFileType = sourcecode.c.objc; path = InsertReminderViewController.m; sourceTree = "<group>"; };
		C48DE59214F98E7300779064 /* InsertReminderViewController_iPhone.xib */ = {isa = PBXFileReference; fileEncoding = 4; lastKnownFileType = file.xib; path = InsertReminderViewController_iPhone.xib; sourceTree = "<group>"; };
		C498C99A14F9976E006A060A /* InsertReminderViewController_iPad.xib */ = {isa = PBXFileReference; fileEncoding = 4; lastKnownFileType = file.xib; path = InsertReminderViewController_iPad.xib; sourceTree = "<group>"; };
		C498C99C14F997FA006A060A /* ActionViewController.h */ = {isa = PBXFileReference; fileEncoding = 4; lastKnownFileType = sourcecode.c.h; path = ActionViewController.h; sourceTree = "<group>"; };
		C498C99D14F997FA006A060A /* ActionViewController.m */ = {isa = PBXFileReference; fileEncoding = 4; lastKnownFileType = sourcecode.c.objc; path = ActionViewController.m; sourceTree = "<group>"; };
		C498C99E14F997FA006A060A /* ActionViewController_iPhone.xib */ = {isa = PBXFileReference; fileEncoding = 4; lastKnownFileType = file.xib; path = ActionViewController_iPhone.xib; sourceTree = "<group>"; };
/* End PBXFileReference section */

/* Begin PBXFrameworksBuildPhase section */
		C48DE54A14F965D500779064 /* Frameworks */ = {
			isa = PBXFrameworksBuildPhase;
			buildActionMask = 2147483647;
			files = (
				C48DE58814F975AA00779064 /* CoreData.framework in Frameworks */,
				C48DE55214F965D500779064 /* UIKit.framework in Frameworks */,
				C48DE55414F965D500779064 /* Foundation.framework in Frameworks */,
				C48DE55614F965D500779064 /* CoreGraphics.framework in Frameworks */,
			);
			runOnlyForDeploymentPostprocessing = 0;
		};
/* End PBXFrameworksBuildPhase section */

/* Begin PBXGroup section */
		C48DE54214F965D400779064 = {
			isa = PBXGroup;
			children = (
				C48DE55714F965D500779064 /* GPS Reminder */,
				C48DE55014F965D500779064 /* Frameworks */,
				C48DE54E14F965D500779064 /* Products */,
			);
			sourceTree = "<group>";
		};
		C48DE54E14F965D500779064 /* Products */ = {
			isa = PBXGroup;
			children = (
				C48DE54D14F965D500779064 /* GPS Reminder.app */,
			);
			name = Products;
			sourceTree = "<group>";
		};
		C48DE55014F965D500779064 /* Frameworks */ = {
			isa = PBXGroup;
			children = (
				C48DE58714F975AA00779064 /* CoreData.framework */,
				C48DE55114F965D500779064 /* UIKit.framework */,
				C48DE55314F965D500779064 /* Foundation.framework */,
				C48DE55514F965D500779064 /* CoreGraphics.framework */,
			);
			name = Frameworks;
			sourceTree = "<group>";
		};
		C48DE55714F965D500779064 /* GPS Reminder */ = {
			isa = PBXGroup;
			children = (
				C48DE57E14F9716F00779064 /* AppDelegate.h */,
				C48DE57F14F9716F00779064 /* AppDelegate.m */,
				C48DE58414F9717300779064 /* Reminders */,
				C48DE58614F9718900779064 /* Where */,
				C48DE58514F9718200779064 /* Settings */,
				C48DE55814F965D500779064 /* Supporting Files */,
				C48DE58914F9761100779064 /* Model.xcdatamodeld */,
			);
			path = "GPS Reminder";
			sourceTree = "<group>";
		};
		C48DE55814F965D500779064 /* Supporting Files */ = {
			isa = PBXGroup;
			children = (
				C48DE55914F965D500779064 /* GPS Reminder-Info.plist */,
				C48DE55A14F965D500779064 /* InfoPlist.strings */,
				C48DE55D14F965D500779064 /* main.m */,
				C48DE55F14F965D500779064 /* GPS Reminder-Prefix.pch */,
			);
			name = "Supporting Files";
			sourceTree = "<group>";
		};
		C48DE58414F9717300779064 /* Reminders */ = {
			isa = PBXGroup;
			children = (
				C498C99814F9974D006A060A /* Insert New Reminder */,
				C48DE56C14F9715300779064 /* RemindersViewController.h */,
				C48DE56D14F9715300779064 /* RemindersViewController.m */,
				C48DE56E14F9715300779064 /* RemindersViewController_iPhone.xib */,
				C48DE56F14F9715300779064 /* RemindersViewController_iPad.xib */,
				C48DE57014F9715300779064 /* DetailViewController.h */,
				C48DE57114F9715300779064 /* DetailViewController.m */,
				C48DE57214F9715300779064 /* DetailViewController_iPhone.xib */,
				C48DE57314F9715300779064 /* DetailViewController_iPad.xib */,
			);
			name = Reminders;
			sourceTree = "<group>";
		};
		C48DE58514F9718200779064 /* Settings */ = {
			isa = PBXGroup;
			children = (
			);
			name = Settings;
			sourceTree = "<group>";
		};
		C48DE58614F9718900779064 /* Where */ = {
			isa = PBXGroup;
			children = (
				C48DE57A14F9716F00779064 /* MyHelperViewController.h */,
				C48DE57B14F9716F00779064 /* MyHelperViewController.m */,
				C48DE57C14F9716F00779064 /* MyHelperViewController_iPhone.xib */,
				C48DE57D14F9716F00779064 /* MyHelperViewController_iPad.xib */,
			);
			name = Where;
			sourceTree = "<group>";
		};
		C498C99814F9974D006A060A /* Insert New Reminder */ = {
			isa = PBXGroup;
			children = (
				C48DE59014F98E7300779064 /* InsertReminderViewController.h */,
				C48DE59114F98E7300779064 /* InsertReminderViewController.m */,
				C48DE59214F98E7300779064 /* InsertReminderViewController_iPhone.xib */,
				C498C99A14F9976E006A060A /* InsertReminderViewController_iPad.xib */,
				C498C99C14F997FA006A060A /* ActionViewController.h */,
				C498C99D14F997FA006A060A /* ActionViewController.m */,
				C498C99E14F997FA006A060A /* ActionViewController_iPhone.xib */,
			);
			name = "Insert New Reminder";
			sourceTree = "<group>";
		};
/* End PBXGroup section */

/* Begin PBXNativeTarget section */
		C48DE54C14F965D500779064 /* GPS Reminder */ = {
			isa = PBXNativeTarget;
			buildConfigurationList = C48DE56514F965D500779064 /* Build configuration list for PBXNativeTarget "GPS Reminder" */;
			buildPhases = (
				C48DE54914F965D500779064 /* Sources */,
				C48DE54A14F965D500779064 /* Frameworks */,
				C48DE54B14F965D500779064 /* Resources */,
			);
			buildRules = (
			);
			dependencies = (
			);
			name = "GPS Reminder";
			productName = "GPS Reminder";
			productReference = C48DE54D14F965D500779064 /* GPS Reminder.app */;
			productType = "com.apple.product-type.application";
		};
/* End PBXNativeTarget section */

/* Begin PBXProject section */
		C48DE54414F965D400779064 /* Project object */ = {
			isa = PBXProject;
			attributes = {
				LastUpgradeCheck = 0430;
			};
			buildConfigurationList = C48DE54714F965D400779064 /* Build configuration list for PBXProject "GPS Reminder" */;
			compatibilityVersion = "Xcode 3.2";
			developmentRegion = English;
			hasScannedForEncodings = 0;
			knownRegions = (
				en,
			);
			mainGroup = C48DE54214F965D400779064;
			productRefGroup = C48DE54E14F965D500779064 /* Products */;
			projectDirPath = "";
			projectRoot = "";
			targets = (
				C48DE54C14F965D500779064 /* GPS Reminder */,
			);
		};
/* End PBXProject section */

/* Begin PBXResourcesBuildPhase section */
		C48DE54B14F965D500779064 /* Resources */ = {
			isa = PBXResourcesBuildPhase;
			buildActionMask = 2147483647;
			files = (
				C48DE55C14F965D500779064 /* InfoPlist.strings in Resources */,
				C48DE57514F9715300779064 /* RemindersViewController_iPhone.xib in Resources */,
				C48DE57614F9715300779064 /* RemindersViewController_iPad.xib in Resources */,
				C48DE57814F9715300779064 /* DetailViewController_iPhone.xib in Resources */,
				C48DE57914F9715300779064 /* DetailViewController_iPad.xib in Resources */,
				C48DE58114F9716F00779064 /* MyHelperViewController_iPhone.xib in Resources */,
				C48DE58214F9716F00779064 /* MyHelperViewController_iPad.xib in Resources */,
				C48DE59414F98E7300779064 /* InsertReminderViewController_iPhone.xib in Resources */,
				C498C99B14F9976E006A060A /* InsertReminderViewController_iPad.xib in Resources */,
				C498C9A014F997FA006A060A /* ActionViewController_iPhone.xib in Resources */,
			);
			runOnlyForDeploymentPostprocessing = 0;
		};
/* End PBXResourcesBuildPhase section */

/* Begin PBXSourcesBuildPhase section */
		C48DE54914F965D500779064 /* Sources */ = {
			isa = PBXSourcesBuildPhase;
			buildActionMask = 2147483647;
			files = (
				C48DE55E14F965D500779064 /* main.m in Sources */,
				C48DE57414F9715300779064 /* RemindersViewController.m in Sources */,
				C48DE57714F9715300779064 /* DetailViewController.m in Sources */,
				C48DE58014F9716F00779064 /* MyHelperViewController.m in Sources */,
				C48DE58314F9716F00779064 /* AppDelegate.m in Sources */,
				C48DE58B14F9761100779064 /* Model.xcdatamodeld in Sources */,
				C48DE59314F98E7300779064 /* InsertReminderViewController.m in Sources */,
				C498C99F14F997FA006A060A /* ActionViewController.m in Sources */,
			);
			runOnlyForDeploymentPostprocessing = 0;
		};
/* End PBXSourcesBuildPhase section */

/* Begin PBXVariantGroup section */
		C48DE55A14F965D500779064 /* InfoPlist.strings */ = {
			isa = PBXVariantGroup;
			children = (
				C48DE55B14F965D500779064 /* en */,
			);
			name = InfoPlist.strings;
			sourceTree = "<group>";
		};
/* End PBXVariantGroup section */

/* Begin XCBuildConfiguration section */
		C48DE56314F965D500779064 /* Debug */ = {
			isa = XCBuildConfiguration;
			buildSettings = {
				ALWAYS_SEARCH_USER_PATHS = NO;
				ARCHS = "$(ARCHS_STANDARD_32_BIT)";
				CLANG_ENABLE_OBJC_ARC = YES;
				"CODE_SIGN_IDENTITY[sdk=iphoneos*]" = "iPhone Developer";
				COPY_PHASE_STRIP = NO;
				GCC_C_LANGUAGE_STANDARD = gnu99;
				GCC_DYNAMIC_NO_PIC = NO;
				GCC_OPTIMIZATION_LEVEL = 0;
				GCC_PREPROCESSOR_DEFINITIONS = (
					"DEBUG=1",
					"$(inherited)",
				);
				GCC_SYMBOLS_PRIVATE_EXTERN = NO;
				GCC_VERSION = com.apple.compilers.llvm.clang.1_0;
				GCC_WARN_ABOUT_RETURN_TYPE = YES;
				GCC_WARN_UNINITIALIZED_AUTOS = YES;
				GCC_WARN_UNUSED_VARIABLE = YES;
				IPHONEOS_DEPLOYMENT_TARGET = 5.0;
				SDKROOT = iphoneos;
				TARGETED_DEVICE_FAMILY = "1,2";
			};
			name = Debug;
		};
		C48DE56414F965D500779064 /* Release */ = {
			isa = XCBuildConfiguration;
			buildSettings = {
				ALWAYS_SEARCH_USER_PATHS = NO;
				ARCHS = "$(ARCHS_STANDARD_32_BIT)";
				CLANG_ENABLE_OBJC_ARC = YES;
				"CODE_SIGN_IDENTITY[sdk=iphoneos*]" = "iPhone Developer";
				COPY_PHASE_STRIP = YES;
				GCC_C_LANGUAGE_STANDARD = gnu99;
				GCC_VERSION = com.apple.compilers.llvm.clang.1_0;
				GCC_WARN_ABOUT_RETURN_TYPE = YES;
				GCC_WARN_UNINITIALIZED_AUTOS = YES;
				GCC_WARN_UNUSED_VARIABLE = YES;
				IPHONEOS_DEPLOYMENT_TARGET = 5.0;
				OTHER_CFLAGS = "-DNS_BLOCK_ASSERTIONS=1";
				SDKROOT = iphoneos;
				TARGETED_DEVICE_FAMILY = "1,2";
				VALIDATE_PRODUCT = YES;
			};
			name = Release;
		};
		C48DE56614F965D500779064 /* Debug */ = {
			isa = XCBuildConfiguration;
			buildSettings = {
				GCC_PRECOMPILE_PREFIX_HEADER = YES;
				GCC_PREFIX_HEADER = "GPS Reminder/GPS Reminder-Prefix.pch";
				INFOPLIST_FILE = "GPS Reminder/GPS Reminder-Info.plist";
				PRODUCT_NAME = "$(TARGET_NAME)";
				WRAPPER_EXTENSION = app;
			};
			name = Debug;
		};
		C48DE56714F965D500779064 /* Release */ = {
			isa = XCBuildConfiguration;
			buildSettings = {
				GCC_PRECOMPILE_PREFIX_HEADER = YES;
				GCC_PREFIX_HEADER = "GPS Reminder/GPS Reminder-Prefix.pch";
				INFOPLIST_FILE = "GPS Reminder/GPS Reminder-Info.plist";
				PRODUCT_NAME = "$(TARGET_NAME)";
				WRAPPER_EXTENSION = app;
			};
			name = Release;
		};
/* End XCBuildConfiguration section */

/* Begin XCConfigurationList section */
		C48DE54714F965D400779064 /* Build configuration list for PBXProject "GPS Reminder" */ = {
			isa = XCConfigurationList;
			buildConfigurations = (
				C48DE56314F965D500779064 /* Debug */,
				C48DE56414F965D500779064 /* Release */,
			);
			defaultConfigurationIsVisible = 0;
			defaultConfigurationName = Release;
		};
		C48DE56514F965D500779064 /* Build configuration list for PBXNativeTarget "GPS Reminder" */ = {
			isa = XCConfigurationList;
			buildConfigurations = (
				C48DE56614F965D500779064 /* Debug */,
				C48DE56714F965D500779064 /* Release */,
			);
			defaultConfigurationIsVisible = 0;
			defaultConfigurationName = Release;
		};
/* End XCConfigurationList section */

/* Begin XCVersionGroup section */
		C48DE58914F9761100779064 /* Model.xcdatamodeld */ = {
			isa = XCVersionGroup;
			children = (
				C48DE58A14F9761100779064 /* Model.xcdatamodel */,
			);
			currentVersion = C48DE58A14F9761100779064 /* Model.xcdatamodel */;
			path = Model.xcdatamodeld;
			sourceTree = "<group>";
			versionGroupType = wrapper.xcdatamodel;
		};
/* End XCVersionGroup section */
	};
	rootObject = C48DE54414F965D400779064 /* Project object */;
}
